# THIS IS AN AUTOGENERATED FILE. DO NOT EDIT THIS FILE DIRECTLY.
# yarn lockfile v1


csstype@^3.1.0:
  version "3.1.1"
  resolved "https://registry.yarnpkg.com/csstype/-/csstype-3.1.1.tgz#841b532c45c758ee546a11d5bd7b7b473c8c30b9"
  integrity sha512-DJR/VvkAvSZW9bTouZue2sSxDwdTN92uHjqeKVm+0dAqdfNykRzQ95tay8aXMBAAPpUiq4Qcug2L7neoRh2Egw==

solid-js@^1.4.7:
  version "1.6.11"
  resolved "https://registry.yarnpkg.com/solid-js/-/solid-js-1.6.11.tgz#263a512bf94efd89245a77f58dc18c195302237f"
  integrity sha512-JquQQHPArGq+i2PLURxJ99Pcz2/1docpbycSio/cKSA0SeI3z5zRjy0TNcH4NRYvbOLrcini+iovXwnexKabyw==
  dependencies:
    csstype "^3.1.0"
